
Microsoft Visual Studio Solution File, Format Version 12.00
# Visual Studio Version 16
VisualStudioVersion = 16.0.30503.244
MinimumVisualStudioVersion = 10.0.40219.1
Project("{FAE04EC0-301F-11D3-BF4B-00C04F79EFBC}") = "FastDFSdemo", "FastDFSdemo\FastDFSdemo.csproj", "{71960487-C082-48A3-8D54-16B298FD85B5}"
EndProject
Project("{54435603-DBB4-11D2-8724-00A0C9A8B90C}") = "Setup1", "Setup1\Setup1.vdproj", "{BCDBDDB1-C0AB-4468-BE7D-42F1978AD3A7}"
EndProject
Project("{FAE04EC0-301F-11D3-BF4B-00C04F79EFBC}") = "fastdfs-client-net", "fastdfs-client-net\fastdfs-client-net.csproj", "{7D176536-E24F-4045-AF53-A1B6F226FABA}"
EndProject
Global
	GlobalSection(SolutionConfigurationPlatforms) = preSolution
		Debug|Any CPU = Debug|Any CPU
		Release|Any CPU = Release|Any CPU
	EndGlobalSection
	GlobalSection(ProjectConfigurationPlatforms) = postSolution
		{71960487-C082-48A3-8D54-16B298FD85B5}.Debug|Any CPU.ActiveCfg = Debug|Any CPU
		{71960487-C082-48A3-8D54-16B298FD85B5}.Debug|Any CPU.Build.0 = Debug|Any CPU
		{71960487-C082-48A3-8D54-16B298FD85B5}.Release|Any CPU.ActiveCfg = Release|Any CPU
		{71960487-C082-48A3-8D54-16B298FD85B5}.Release|Any CPU.Build.0 = Release|Any CPU
		{BCDBDDB1-C0AB-4468-BE7D-42F1978AD3A7}.Debug|Any CPU.ActiveCfg = Debug
		{BCDBDDB1-C0AB-4468-BE7D-42F1978AD3A7}.Release|Any CPU.ActiveCfg = Release
		{7D176536-E24F-4045-AF53-A1B6F226FABA}.Debug|Any CPU.ActiveCfg = Debug|Any CPU
		{7D176536-E24F-4045-AF53-A1B6F226FABA}.Debug|Any CPU.Build.0 = Debug|Any CPU
		{7D176536-E24F-4045-AF53-A1B6F226FABA}.Release|Any CPU.ActiveCfg = Release|Any CPU
		{7D176536-E24F-4045-AF53-A1B6F226FABA}.Release|Any CPU.Build.0 = Release|Any CPU
	EndGlobalSection
	GlobalSection(SolutionProperties) = preSolution
		HideSolutionNode = FALSE
	EndGlobalSection
	GlobalSection(ExtensibilityGlobals) = postSolution
		SolutionGuid = {5434E59F-025D-4C4F-87CC-65854C3992B2}
	EndGlobalSection
EndGlobal
